
Microsoft Visual Studio Solution File, Format Version 12.00
# Visual Studio Version 17
VisualStudioVersion = 17.4.33205.214
MinimumVisualStudioVersion = 10.0.40219.1
Project("{FAE04EC0-301F-11D3-BF4B-00C04F79EFBC}") = "HelloWorld", "HelloWorld\HelloWorld.csproj", "{C7407009-1166-4165-B615-F98244D4D37C}"
EndProject
Global
	GlobalSection(SolutionConfigurationPlatforms) = preSolution
		Debug|Any CPU = Debug|Any CPU
		Release|Any CPU = Release|Any CPU
	EndGlobalSection
	GlobalSection(ProjectConfigurationPlatforms) = postSolution
		{C7407009-1166-4165-B615-F98244D4D37C}.Debug|Any CPU.ActiveCfg = Debug|Any CPU
		{C7407009-1166-4165-B615-F98244D4D37C}.Debug|Any CPU.Build.0 = Debug|Any CPU
		{C7407009-1166-4165-B615-F98244D4D37C}.Release|Any CPU.ActiveCfg = Release|Any CPU
		{C7407009-1166-4165-B615-F98244D4D37C}.Release|Any CPU.Build.0 = Release|Any CPU
	EndGlobalSection
	GlobalSection(SolutionProperties) = preSolution
		HideSolutionNode = FALSE
	EndGlobalSection
	GlobalSection(ExtensibilityGlobals) = postSolution
		SolutionGuid = {B250011D-E9A5-4C28-9E50-717ECFE18313}
	EndGlobalSection
EndGlobal
