
Microsoft Visual Studio Solution File, Format Version 12.00
# Visual Studio Version 17
VisualStudioVersion = 17.5.33424.131
MinimumVisualStudioVersion = 10.0.40219.1
Project("{FAE04EC0-301F-11D3-BF4B-00C04F79EFBC}") = "hmwrk1", "hmwrk1\hmwrk1.csproj", "{C7261778-2BE9-4416-8DDC-04869FD2ECCA}"
EndProject
Global
	GlobalSection(SolutionConfigurationPlatforms) = preSolution
		Debug|Any CPU = Debug|Any CPU
		Release|Any CPU = Release|Any CPU
	EndGlobalSection
	GlobalSection(ProjectConfigurationPlatforms) = postSolution
		{C7261778-2BE9-4416-8DDC-04869FD2ECCA}.Debug|Any CPU.ActiveCfg = Debug|Any CPU
		{C7261778-2BE9-4416-8DDC-04869FD2ECCA}.Debug|Any CPU.Build.0 = Debug|Any CPU
		{C7261778-2BE9-4416-8DDC-04869FD2ECCA}.Release|Any CPU.ActiveCfg = Release|Any CPU
		{C7261778-2BE9-4416-8DDC-04869FD2ECCA}.Release|Any CPU.Build.0 = Release|Any CPU
	EndGlobalSection
	GlobalSection(SolutionProperties) = preSolution
		HideSolutionNode = FALSE
	EndGlobalSection
	GlobalSection(ExtensibilityGlobals) = postSolution
		SolutionGuid = {5014B956-F4C4-4940-BEDD-16D21C1AF226}
	EndGlobalSection
EndGlobal
