
Microsoft Visual Studio Solution File, Format Version 12.00
# Visual Studio Version 17
VisualStudioVersion = 17.4.33205.214
MinimumVisualStudioVersion = 10.0.40219.1
Project("{FAE04EC0-301F-11D3-BF4B-00C04F79EFBC}") = "Day5Prac", "Day5Prac\Day5Prac.csproj", "{1B4C045B-E93C-44BD-B9D7-6C4A2B8D69E7}"
EndProject
Global
	GlobalSection(SolutionConfigurationPlatforms) = preSolution
		Debug|Any CPU = Debug|Any CPU
		Release|Any CPU = Release|Any CPU
	EndGlobalSection
	GlobalSection(ProjectConfigurationPlatforms) = postSolution
		{1B4C045B-E93C-44BD-B9D7-6C4A2B8D69E7}.Debug|Any CPU.ActiveCfg = Debug|Any CPU
		{1B4C045B-E93C-44BD-B9D7-6C4A2B8D69E7}.Debug|Any CPU.Build.0 = Debug|Any CPU
		{1B4C045B-E93C-44BD-B9D7-6C4A2B8D69E7}.Release|Any CPU.ActiveCfg = Release|Any CPU
		{1B4C045B-E93C-44BD-B9D7-6C4A2B8D69E7}.Release|Any CPU.Build.0 = Release|Any CPU
	EndGlobalSection
	GlobalSection(SolutionProperties) = preSolution
		HideSolutionNode = FALSE
	EndGlobalSection
	GlobalSection(ExtensibilityGlobals) = postSolution
		SolutionGuid = {37F9B7BD-BF1E-47EB-A8A2-123A1F015F84}
	EndGlobalSection
EndGlobal
