
Microsoft Visual Studio Solution File, Format Version 12.00
# Visual Studio Version 17
VisualStudioVersion = 17.4.33205.214
MinimumVisualStudioVersion = 10.0.40219.1
Project("{FAE04EC0-301F-11D3-BF4B-00C04F79EFBC}") = "Day4Prac", "Day4Prac\Day4Prac.csproj", "{7D60FD48-1646-4690-82D2-51005008752B}"
EndProject
Global
	GlobalSection(SolutionConfigurationPlatforms) = preSolution
		Debug|Any CPU = Debug|Any CPU
		Release|Any CPU = Release|Any CPU
	EndGlobalSection
	GlobalSection(ProjectConfigurationPlatforms) = postSolution
		{7D60FD48-1646-4690-82D2-51005008752B}.Debug|Any CPU.ActiveCfg = Debug|Any CPU
		{7D60FD48-1646-4690-82D2-51005008752B}.Debug|Any CPU.Build.0 = Debug|Any CPU
		{7D60FD48-1646-4690-82D2-51005008752B}.Release|Any CPU.ActiveCfg = Release|Any CPU
		{7D60FD48-1646-4690-82D2-51005008752B}.Release|Any CPU.Build.0 = Release|Any CPU
	EndGlobalSection
	GlobalSection(SolutionProperties) = preSolution
		HideSolutionNode = FALSE
	EndGlobalSection
	GlobalSection(ExtensibilityGlobals) = postSolution
		SolutionGuid = {CFEDB9A3-633A-4AEC-9459-F2F595F7C640}
	EndGlobalSection
EndGlobal
